
Microsoft Visual Studio Solution File, Format Version 12.00
# Visual Studio Version 16
VisualStudioVersion = 16.0.30503.244
MinimumVisualStudioVersion = 10.0.40219.1
Project("{FAE04EC0-301F-11D3-BF4B-00C04F79EFBC}") = "wipControl", "stocktake_V4\wipControl.csproj", "{16BF56D0-0770-41EC-8B3E-006059418A88}"
EndProject
Global
	GlobalSection(SolutionConfigurationPlatforms) = preSolution
		Debug|Any CPU = Debug|Any CPU
		Release|Any CPU = Release|Any CPU
	EndGlobalSection
	GlobalSection(ProjectConfigurationPlatforms) = postSolution
		{16BF56D0-0770-41EC-8B3E-006059418A88}.Debug|Any CPU.ActiveCfg = Debug|Any CPU
		{16BF56D0-0770-41EC-8B3E-006059418A88}.Debug|Any CPU.Build.0 = Debug|Any CPU
		{16BF56D0-0770-41EC-8B3E-006059418A88}.Release|Any CPU.ActiveCfg = Debug|Any CPU
		{16BF56D0-0770-41EC-8B3E-006059418A88}.Release|Any CPU.Build.0 = Debug|Any CPU
	EndGlobalSection
	GlobalSection(SolutionProperties) = preSolution
		HideSolutionNode = FALSE
	EndGlobalSection
	GlobalSection(ExtensibilityGlobals) = postSolution
		SolutionGuid = {A8B9DBA8-041B-47DB-B958-DF3EFF38B8DA}
	EndGlobalSection
EndGlobal
